// !$*UTF8*$!
{
	archiveVersion = 1;
	classes = {
	};
	objectVersion = 46;
	objects = {

/* Begin PBXBuildFile section */
		A624C1EE1D1A552900DEA1AC /* main.cpp in Sources */ = {isa = PBXBuildFile; fileRef = A624C1ED1D1A552900DEA1AC /* main.cpp */; };
/* End PBXBuildFile section */

/* Begin PBXCopyFilesBuildPhase section */
		A624C1E81D1A552900DEA1AC /* CopyFiles */ = {
			isa = PBXCopyFilesBuildPhase;
			buildActionMask = 2147483647;
			dstPath = /usr/share/man/man1/;
			dstSubfolderSpec = 0;
			files = (
			);
			runOnlyForDeploymentPostprocessing = 1;
		};
/* End PBXCopyFilesBuildPhase section */

/* Begin PBXFileReference section */
		A624C1EA1D1A552900DEA1AC /* gs8 chip8 emulator */ = {isa = PBXFileReference; explicitFileType = "compiled.mach-o.executable"; includeInIndex = 0; path = "gs8 chip8 emulator"; sourceTree = BUILT_PRODUCTS_DIR; };
		A624C1ED1D1A552900DEA1AC /* main.cpp */ = {isa = PBXFileReference; lastKnownFileType = sourcecode.cpp.cpp; path = main.cpp; sourceTree = "<group>"; };
/* End PBXFileReference section */

/* Begin PBXFrameworksBuildPhase section */
		A624C1E71D1A552900DEA1AC /* Frameworks */ = {
			isa = PBXFrameworksBuildPhase;
			buildActionMask = 2147483647;
			files = (
			);
			runOnlyForDeploymentPostprocessing = 0;
		};
/* End PBXFrameworksBuildPhase section */

/* Begin PBXGroup section */
		A624C1E11D1A552900DEA1AC = {
			isa = PBXGroup;
			children = (
				A624C1EC1D1A552900DEA1AC /* gs8 chip8 emulator */,
				A624C1EB1D1A552900DEA1AC /* Products */,
			);
			sourceTree = "<group>";
		};
		A624C1EB1D1A552900DEA1AC /* Products */ = {
			isa = PBXGroup;
			children = (
				A624C1EA1D1A552900DEA1AC /* gs8 chip8 emulator */,
			);
			name = Products;
			sourceTree = "<group>";
		};
		A624C1EC1D1A552900DEA1AC /* gs8 chip8 emulator */ = {
			isa = PBXGroup;
			children = (
				A624C1ED1D1A552900DEA1AC /* main.cpp */,
			);
			path = "gs8 chip8 emulator";
			sourceTree = "<group>";
		};
/* End PBXGroup section */

/* Begin PBXNativeTarget section */
		A624C1E91D1A552900DEA1AC /* gs8 chip8 emulator */ = {
			isa = PBXNativeTarget;
			buildConfigurationList = A624C1F11D1A552900DEA1AC /* Build configuration list for PBXNativeTarget "gs8 chip8 emulator" */;
			buildPhases = (
				A624C1E61D1A552900DEA1AC /* Sources */,
				A624C1E71D1A552900DEA1AC /* Frameworks */,
				A624C1E81D1A552900DEA1AC /* CopyFiles */,
			);
			buildRules = (
			);
			dependencies = (
			);
			name = "gs8 chip8 emulator";
			productName = "gs8 chip8 emulator";
			productReference = A624C1EA1D1A552900DEA1AC /* gs8 chip8 emulator */;
			productType = "com.apple.product-type.tool";
		};
/* End PBXNativeTarget section */

/* Begin PBXProject section */
		A624C1E21D1A552900DEA1AC /* Project object */ = {
			isa = PBXProject;
			attributes = {
				LastUpgradeCheck = 0720;
				ORGANIZATIONNAME = "Gokul Suresh";
				TargetAttributes = {
					A624C1E91D1A552900DEA1AC = {
						CreatedOnToolsVersion = 7.2.1;
					};
				};
			};
			buildConfigurationList = A624C1E51D1A552900DEA1AC /* Build configuration list for PBXProject "gs8 chip8 emulator" */;
			compatibilityVersion = "Xcode 3.2";
			developmentRegion = English;
			hasScannedForEncodings = 0;
			knownRegions = (
				en,
			);
			mainGroup = A624C1E11D1A552900DEA1AC;
			productRefGroup = A624C1EB1D1A552900DEA1AC /* Products */;
			projectDirPath = "";
			projectRoot = "";
			targets = (
				A624C1E91D1A552900DEA1AC /* gs8 chip8 emulator */,
			);
		};
/* End PBXProject section */

/* Begin PBXSourcesBuildPhase section */
		A624C1E61D1A552900DEA1AC /* Sources */ = {
			isa = PBXSourcesBuildPhase;
			buildActionMask = 2147483647;
			files = (
				A624C1EE1D1A552900DEA1AC /* main.cpp in Sources */,
			);
			runOnlyForDeploymentPostprocessing = 0;
		};
/* End PBXSourcesBuildPhase section */

/* Begin XCBuildConfiguration section */
		A624C1EF1D1A552900DEA1AC /* Debug */ = {
			isa = XCBuildConfiguration;
			buildSettings = {
				ALWAYS_SEARCH_USER_PATHS = NO;
				CLANG_CXX_LANGUAGE_STANDARD = "gnu++0x";
				CLANG_CXX_LIBRARY = "libc++";
				CLANG_ENABLE_MODULES = YES;
				CLANG_ENABLE_OBJC_ARC = YES;
				CLANG_WARN_BOOL_CONVERSION = YES;
				CLANG_WARN_CONSTANT_CONVERSION = YES;
				CLANG_WARN_DIRECT_OBJC_ISA_USAGE = YES_ERROR;
				CLANG_WARN_EMPTY_BODY = YES;
				CLANG_WARN_ENUM_CONVERSION = YES;
				CLANG_WARN_INT_CONVERSION = YES;
				CLANG_WARN_OBJC_ROOT_CLASS = YES_ERROR;
				CLANG_WARN_UNREACHABLE_CODE = YES;
				CLANG_WARN__DUPLICATE_METHOD_MATCH = YES;
				CODE_SIGN_IDENTITY = "-";
				COPY_PHASE_STRIP = NO;
				DEBUG_INFORMATION_FORMAT = dwarf;
				ENABLE_STRICT_OBJC_MSGSEND = YES;
				ENABLE_TESTABILITY = YES;
				GCC_C_LANGUAGE_STANDARD = gnu99;
				GCC_DYNAMIC_NO_PIC = NO;
				GCC_NO_COMMON_BLOCKS = YES;
				GCC_OPTIMIZATION_LEVEL = 0;
				GCC_PREPROCESSOR_DEFINITIONS = (
					"DEBUG=1",
					"$(inherited)",
				);
				GCC_WARN_64_TO_32_BIT_CONVERSION = YES;
				GCC_WARN_ABOUT_RETURN_TYPE = YES_ERROR;
				GCC_WARN_UNDECLARED_SELECTOR = YES;
				GCC_WARN_UNINITIALIZED_AUTOS = YES_AGGRESSIVE;
				GCC_WARN_UNUSED_FUNCTION = YES;
				GCC_WARN_UNUSED_VARIABLE = YES;
				MACOSX_DEPLOYMENT_TARGET = 10.10;
				MTL_ENABLE_DEBUG_INFO = YES;
				ONLY_ACTIVE_ARCH = YES;
				SDKROOT = macosx;
			};
			name = Debug;
		};
		A624C1F01D1A552900DEA1AC /* Release */ = {
			isa = XCBuildConfiguration;
			buildSettings = {
				ALWAYS_SEARCH_USER_PATHS = NO;
				CLANG_CXX_LANGUAGE_STANDARD = "gnu++0x";
				CLANG_CXX_LIBRARY = "libc++";
				CLANG_ENABLE_MODULES = YES;
				CLANG_ENABLE_OBJC_ARC = YES;
				CLANG_WARN_BOOL_CONVERSION = YES;
				CLANG_WARN_CONSTANT_CONVERSION = YES;
				CLANG_WARN_DIRECT_OBJC_ISA_USAGE = YES_ERROR;
				CLANG_WARN_EMPTY_BODY = YES;
				CLANG_WARN_ENUM_CONVERSION = YES;
				CLANG_WARN_INT_CONVERSION = YES;
				CLANG_WARN_OBJC_ROOT_CLASS = YES_ERROR;
				CLANG_WARN_UNREACHABLE_CODE = YES;
				CLANG_WARN__DUPLICATE_METHOD_MATCH = YES;
				CODE_SIGN_IDENTITY = "-";
				COPY_PHASE_STRIP = NO;
				DEBUG_INFORMATION_FORMAT = "dwarf-with-dsym";
				ENABLE_NS_ASSERTIONS = NO;
				ENABLE_STRICT_OBJC_MSGSEND = YES;
				GCC_C_LANGUAGE_STANDARD = gnu99;
				GCC_NO_COMMON_BLOCKS = YES;
				GCC_WARN_64_TO_32_BIT_CONVERSION = YES;
				GCC_WARN_ABOUT_RETURN_TYPE = YES_ERROR;
				GCC_WARN_UNDECLARED_SELECTOR = YES;
				GCC_WARN_UNINITIALIZED_AUTOS = YES_AGGRESSIVE;
				GCC_WARN_UNUSED_FUNCTION = YES;
				GCC_WARN_UNUSED_VARIABLE = YES;
				MACOSX_DEPLOYMENT_TARGET = 10.10;
				MTL_ENABLE_DEBUG_INFO = NO;
				SDKROOT = macosx;
			};
			name = Release;
		};
		A624C1F21D1A552900DEA1AC /* Debug */ = {
			isa = XCBuildConfiguration;
			buildSettings = {
				PRODUCT_NAME = "$(TARGET_NAME)";
			};
			name = Debug;
		};
		A624C1F31D1A552900DEA1AC /* Release */ = {
			isa = XCBuildConfiguration;
			buildSettings = {
				PRODUCT_NAME = "$(TARGET_NAME)";
			};
			name = Release;
		};
/* End XCBuildConfiguration section */

/* Begin XCConfigurationList section */
		A624C1E51D1A552900DEA1AC /* Build configuration list for PBXProject "gs8 chip8 emulator" */ = {
			isa = XCConfigurationList;
			buildConfigurations = (
				A624C1EF1D1A552900DEA1AC /* Debug */,
				A624C1F01D1A552900DEA1AC /* Release */,
			);
			defaultConfigurationIsVisible = 0;
			defaultConfigurationName = Release;
		};
		A624C1F11D1A552900DEA1AC /* Build configuration list for PBXNativeTarget "gs8 chip8 emulator" */ = {
			isa = XCConfigurationList;
			buildConfigurations = (
				A624C1F21D1A552900DEA1AC /* Debug */,
				A624C1F31D1A552900DEA1AC /* Release */,
			);
			defaultConfigurationIsVisible = 0;
		};
/* End XCConfigurationList section */
	};
	rootObject = A624C1E21D1A552900DEA1AC /* Project object */;
}
